// !$*UTF8*$!
{
	archiveVersion = 1;
	classes = {
	};
	objectVersion = 51;
	objects = {

/* Begin PBXBuildFile section */
		145FB02795B7A272E5CD1A81 /* SearchMeaningsModuleInput.swift in Sources */ = {isa = PBXBuildFile; fileRef = C817B469E60778AB09311646 /* SearchMeaningsModuleInput.swift */; };
		1C85C740E2BF3F5B8403A923 /* SearchMeaningsModuleOutput.swift in Sources */ = {isa = PBXBuildFile; fileRef = B6E3F1FA766D1C026E548D39 /* SearchMeaningsModuleOutput.swift */; };
		34D404011410B979C57DAD9D /* DetailWordModuleInput.swift in Sources */ = {isa = PBXBuildFile; fileRef = E25962B9A0BAF86E60688450 /* DetailWordModuleInput.swift */; };
		3F01E0D201CC3A60E7B1E685 /* SearchMeaningsRouterTests.swift in Sources */ = {isa = PBXBuildFile; fileRef = E05E5815BCA6F8633BB6CF18 /* SearchMeaningsRouterTests.swift */; };
		6C0715FA0F926E6C71442AF2 /* DetailWordViewInput.swift in Sources */ = {isa = PBXBuildFile; fileRef = 51CEA07EE04CA7E046FB6975 /* DetailWordViewInput.swift */; };
		7585DD9FA82B2864BF8F2DD7 /* DetailWordViewOutput.swift in Sources */ = {isa = PBXBuildFile; fileRef = FF5B880E56DDB0BCF6637E6E /* DetailWordViewOutput.swift */; };
		775D283E71A9441B28E6D1E7 /* SearchMeaningsViewTests.swift in Sources */ = {isa = PBXBuildFile; fileRef = 3D07C1B39D23957385816399 /* SearchMeaningsViewTests.swift */; };
		7B380E804F6088A9822E7B66 /* Pods_SkyEngWords.framework in Frameworks */ = {isa = PBXBuildFile; fileRef = 13AAE5E33919B31CEFADF8AB /* Pods_SkyEngWords.framework */; };
		7C477CE43E83BD1A7DFF5CF2 /* SearchMeaningsModuleConfiguratorTests.swift in Sources */ = {isa = PBXBuildFile; fileRef = 4125634065F991237B40C819 /* SearchMeaningsModuleConfiguratorTests.swift */; };
		86E8132CED9079F00E878BBC /* SearchMeaningsRouter.swift in Sources */ = {isa = PBXBuildFile; fileRef = 130B4B40A0319FDC3C557CE6 /* SearchMeaningsRouter.swift */; };
		8C67BCF103CF4090EDBDB2F9 /* SearchMeaningsModuleConfigurator.swift in Sources */ = {isa = PBXBuildFile; fileRef = 89D6D0579A1C04162BBCCB4E /* SearchMeaningsModuleConfigurator.swift */; };
		93626F1AD6BC4F111620CA27 /* DetailWordModuleConfiguratorTests.swift in Sources */ = {isa = PBXBuildFile; fileRef = 04F183B7DBD416476FBDC127 /* DetailWordModuleConfiguratorTests.swift */; };
		95BAA20119C108E1FEB7B079 /* DetailWordPresenterTests.swift in Sources */ = {isa = PBXBuildFile; fileRef = 6B8D5D1CCB3F0F16BA827C44 /* DetailWordPresenterTests.swift */; };
		9DE01FD1A17FA74B0C585CFB /* DetailWordRouter.swift in Sources */ = {isa = PBXBuildFile; fileRef = 37CD36F18390F5F318496046 /* DetailWordRouter.swift */; };
		A2ECED989EF4D83F968A8E26 /* SearchMeaningsPresenterTests.swift in Sources */ = {isa = PBXBuildFile; fileRef = 7F7170565FA0CE44F8FCBB5D /* SearchMeaningsPresenterTests.swift */; };
		A822398C24104C2800745E73 /* API.swift in Sources */ = {isa = PBXBuildFile; fileRef = A822398B24104C2800745E73 /* API.swift */; };
		A82239912410504400745E73 /* Environment.swift in Sources */ = {isa = PBXBuildFile; fileRef = A82239902410504400745E73 /* Environment.swift */; };
		A872595C241188DB00F6709D /* MeaningTableViewCell.swift in Sources */ = {isa = PBXBuildFile; fileRef = A872595A241188DB00F6709D /* MeaningTableViewCell.swift */; };
		A872595D241188DB00F6709D /* MeaningTableViewCell.xib in Resources */ = {isa = PBXBuildFile; fileRef = A872595B241188DB00F6709D /* MeaningTableViewCell.xib */; };
		A87259602411891800F6709D /* MeaningsViewAdapterOutput.swift in Sources */ = {isa = PBXBuildFile; fileRef = A872595F2411891800F6709D /* MeaningsViewAdapterOutput.swift */; };
		A87259622411894800F6709D /* MeaningsDataSource.swift in Sources */ = {isa = PBXBuildFile; fileRef = A87259612411894800F6709D /* MeaningsDataSource.swift */; };
		A872596524118A2B00F6709D /* DetailWordViewController.swift in Sources */ = {isa = PBXBuildFile; fileRef = A872596324118A2B00F6709D /* DetailWordViewController.swift */; };
		A872596624118A2B00F6709D /* DetailWordViewController.xib in Resources */ = {isa = PBXBuildFile; fileRef = A872596424118A2B00F6709D /* DetailWordViewController.xib */; };
		A87259702411959000F6709D /* UIImageView+ByUrl.swift in Sources */ = {isa = PBXBuildFile; fileRef = A872596F2411959000F6709D /* UIImageView+ByUrl.swift */; };
		A8839926241018C500C59B30 /* fastlane in Resources */ = {isa = PBXBuildFile; fileRef = A8839925241018C500C59B30 /* fastlane */; };
		A8839928241018C500C59B30 /* ci in Resources */ = {isa = PBXBuildFile; fileRef = A8839927241018C500C59B30 /* ci */; };
		A883992A241018C500C59B30 /* Podfile in Resources */ = {isa = PBXBuildFile; fileRef = A8839929241018C500C59B30 /* Podfile */; };
		A883992C241018C500C59B30 /* .gitignore in Resources */ = {isa = PBXBuildFile; fileRef = A883992B241018C500C59B30 /* .gitignore */; };
		A883994E241018C500C59B30 /* LaunchScreen.xib in Resources */ = {isa = PBXBuildFile; fileRef = A883994D241018C500C59B30 /* LaunchScreen.xib */; };
		A8839950241018C500C59B30 /* Assets.xcassets in Resources */ = {isa = PBXBuildFile; fileRef = A883994F241018C500C59B30 /* Assets.xcassets */; };
		A8839952241018C500C59B30 /* AppDelegate.swift in Sources */ = {isa = PBXBuildFile; fileRef = A8839951241018C500C59B30 /* AppDelegate.swift */; };
		A8839957241018C500C59B30 /* Assets.swift in Sources */ = {isa = PBXBuildFile; fileRef = A8839956241018C500C59B30 /* Assets.swift */; };
		A8839959241018C500C59B30 /* Fonts.swift in Sources */ = {isa = PBXBuildFile; fileRef = A8839958241018C500C59B30 /* Fonts.swift */; };
		A883995B241018C500C59B30 /* Strings.swift in Sources */ = {isa = PBXBuildFile; fileRef = A883995A241018C500C59B30 /* Strings.swift */; };
		A883995E241018C500C59B30 /* Colors.swift in Sources */ = {isa = PBXBuildFile; fileRef = A883995D241018C500C59B30 /* Colors.swift */; };
		A8839960241018C500C59B30 /* swiftgen.yml in Resources */ = {isa = PBXBuildFile; fileRef = A883995F241018C500C59B30 /* swiftgen.yml */; };
		A8839962241018C500C59B30 /* .swiftlint.yml in Resources */ = {isa = PBXBuildFile; fileRef = A8839961241018C500C59B30 /* .swiftlint.yml */; };
		A8839969241018C500C59B30 /* ModuleTrasitionable.swift in Sources */ = {isa = PBXBuildFile; fileRef = A8839968241018C500C59B30 /* ModuleTrasitionable.swift */; };
		A8839974241018C500C59B30 /* SkyEngWordsTests.swift in Sources */ = {isa = PBXBuildFile; fileRef = A8839973241018C500C59B30 /* SkyEngWordsTests.swift */; };
		A8839979241018C500C59B30 /* XCTestCase.swift in Sources */ = {isa = PBXBuildFile; fileRef = A8839978241018C500C59B30 /* XCTestCase.swift */; };
		A8839984241018C600C59B30 /* SkyEngWordsUITests.swift in Sources */ = {isa = PBXBuildFile; fileRef = A8839983241018C600C59B30 /* SkyEngWordsUITests.swift */; };
		A8F0B9B3241024620038B1E9 /* AppConfigurator.swift in Sources */ = {isa = PBXBuildFile; fileRef = A8F0B9B2241024620038B1E9 /* AppConfigurator.swift */; };
		A8F0B9B5241025D80038B1E9 /* AppRouter.swift in Sources */ = {isa = PBXBuildFile; fileRef = A8F0B9B4241025D80038B1E9 /* AppRouter.swift */; };
		A8F0B9B7241027FA0038B1E9 /* AppRouterInput.swift in Sources */ = {isa = PBXBuildFile; fileRef = A8F0B9B6241027FA0038B1E9 /* AppRouterInput.swift */; };
		A8F0B9B924104A070038B1E9 /* Word.swift in Sources */ = {isa = PBXBuildFile; fileRef = A8F0B9B824104A070038B1E9 /* Word.swift */; };
		A8F0B9BB24104A470038B1E9 /* Meaning.swift in Sources */ = {isa = PBXBuildFile; fileRef = A8F0B9BA24104A470038B1E9 /* Meaning.swift */; };
		A8F0B9BD24104A7C0038B1E9 /* Translation.swift in Sources */ = {isa = PBXBuildFile; fileRef = A8F0B9BC24104A7C0038B1E9 /* Translation.swift */; };
		ADA83DF292E2E964B90313F5 /* DetailWordModuleConfigurator.swift in Sources */ = {isa = PBXBuildFile; fileRef = BD573A84191C7BF5F607AB41 /* DetailWordModuleConfigurator.swift */; };
		B664774C2CE1C353BA8826CE /* DetailWordPresenter.swift in Sources */ = {isa = PBXBuildFile; fileRef = EA1E5EB461C49B6DB43F0303 /* DetailWordPresenter.swift */; };
		C5EB8E4C078EC7750292C332 /* SearchMeaningsViewOutput.swift in Sources */ = {isa = PBXBuildFile; fileRef = 32496A930C5E5DD3BCC413ED /* SearchMeaningsViewOutput.swift */; };
		C90DF63A24114524008A8DCB /* WordsViewAdapterOutput.swift in Sources */ = {isa = PBXBuildFile; fileRef = C90DF63924114524008A8DCB /* WordsViewAdapterOutput.swift */; };
		C90DF63D2411554D008A8DCB /* LoadingCell.swift in Sources */ = {isa = PBXBuildFile; fileRef = C90DF63B2411554D008A8DCB /* LoadingCell.swift */; };
		C90DF63E2411554D008A8DCB /* LoadingCell.xib in Resources */ = {isa = PBXBuildFile; fileRef = C90DF63C2411554D008A8DCB /* LoadingCell.xib */; };
		C9B2F3D52410E4D300C23BA6 /* SearchMeaningsViewController.swift in Sources */ = {isa = PBXBuildFile; fileRef = C9B2F3D32410E4D300C23BA6 /* SearchMeaningsViewController.swift */; };
		C9B2F3D62410E4D300C23BA6 /* SearchMeaningsViewController.xib in Resources */ = {isa = PBXBuildFile; fileRef = C9B2F3D42410E4D300C23BA6 /* SearchMeaningsViewController.xib */; };
		C9B2F3D82410EC6900C23BA6 /* LoadingState.swift in Sources */ = {isa = PBXBuildFile; fileRef = C9B2F3D72410EC6900C23BA6 /* LoadingState.swift */; };
		C9B2F3DA2410F1F900C23BA6 /* WordsService.swift in Sources */ = {isa = PBXBuildFile; fileRef = C9B2F3D92410F1F900C23BA6 /* WordsService.swift */; };
		C9B2F3DC2410F2CD00C23BA6 /* FetchService.swift in Sources */ = {isa = PBXBuildFile; fileRef = C9B2F3DB2410F2CD00C23BA6 /* FetchService.swift */; };
		C9B2F3DE2410F30000C23BA6 /* ServiceError.swift in Sources */ = {isa = PBXBuildFile; fileRef = C9B2F3DD2410F30000C23BA6 /* ServiceError.swift */; };
		C9B2F3E02410F47900C23BA6 /* IFetchService.swift in Sources */ = {isa = PBXBuildFile; fileRef = C9B2F3DF2410F47900C23BA6 /* IFetchService.swift */; };
		C9B2F3E22410F4AF00C23BA6 /* IWordsService.swift in Sources */ = {isa = PBXBuildFile; fileRef = C9B2F3E12410F4AF00C23BA6 /* IWordsService.swift */; };
		C9B2F3E62411020900C23BA6 /* WordsDataSource.swift in Sources */ = {isa = PBXBuildFile; fileRef = C9B2F3E52411020900C23BA6 /* WordsDataSource.swift */; };
		C9B2F3EA24111E9100C23BA6 /* WordTableViewCell.swift in Sources */ = {isa = PBXBuildFile; fileRef = C9B2F3E824111E9100C23BA6 /* WordTableViewCell.swift */; };
		C9B2F3EB24111E9100C23BA6 /* WordTableViewCell.xib in Resources */ = {isa = PBXBuildFile; fileRef = C9B2F3E924111E9100C23BA6 /* WordTableViewCell.xib */; };
		C9B2F3ED24111EB300C23BA6 /* UITableViewCell+nib.swift in Sources */ = {isa = PBXBuildFile; fileRef = C9B2F3EC24111EB300C23BA6 /* UITableViewCell+nib.swift */; };
		CADEE271442973DAD8EE84C6 /* DetailWordViewTests.swift in Sources */ = {isa = PBXBuildFile; fileRef = FD647DC133AA93D187D4504A /* DetailWordViewTests.swift */; };
		CC7BA354AFC6F1DDCB59431B /* SearchMeaningsViewInput.swift in Sources */ = {isa = PBXBuildFile; fileRef = 6DB68A52D31630EAEA96DAA4 /* SearchMeaningsViewInput.swift */; };
		DDD564EEDF3512281747FD0E /* DetailWordModuleOutput.swift in Sources */ = {isa = PBXBuildFile; fileRef = A970063A0AE2ED7335F2FF20 /* DetailWordModuleOutput.swift */; };
		E082BEB6EFAE9636587E910B /* DetailWordRouterTests.swift in Sources */ = {isa = PBXBuildFile; fileRef = 2FF2DCC63F054363F8DDA999 /* DetailWordRouterTests.swift */; };
		F00B02B3734BDA79A4423D27 /* SearchMeaningsRouterInput.swift in Sources */ = {isa = PBXBuildFile; fileRef = 062A6C51D77F41A215809858 /* SearchMeaningsRouterInput.swift */; };
		F017F06F5BD1FB60C718A776 /* DetailWordRouterInput.swift in Sources */ = {isa = PBXBuildFile; fileRef = CEA0C052314B4113E8D1BA05 /* DetailWordRouterInput.swift */; };
		FF5618200693AC04B6513EC3 /* SearchMeaningsPresenter.swift in Sources */ = {isa = PBXBuildFile; fileRef = D985EAE49E1B9E74B28AC5F3 /* SearchMeaningsPresenter.swift */; };
/* End PBXBuildFile section */

/* Begin PBXContainerItemProxy section */
		A8839970241018C500C59B30 /* PBXContainerItemProxy */ = {
			isa = PBXContainerItemProxy;
			containerPortal = A8839917241018C500C59B30 /* Project object */;
			proxyType = 1;
			remoteGlobalIDString = A8839920241018C500C59B30;
			remoteInfo = SkyEngWords;
		};
		A8839980241018C600C59B30 /* PBXContainerItemProxy */ = {
			isa = PBXContainerItemProxy;
			containerPortal = A8839917241018C500C59B30 /* Project object */;
			proxyType = 1;
			remoteGlobalIDString = A8839920241018C500C59B30;
			remoteInfo = SkyEngWords;
		};
/* End PBXContainerItemProxy section */

/* Begin PBXFileReference section */
		04F183B7DBD416476FBDC127 /* DetailWordModuleConfiguratorTests.swift */ = {isa = PBXFileReference; includeInIndex = 1; lastKnownFileType = sourcecode.swift; path = DetailWordModuleConfiguratorTests.swift; sourceTree = "<group>"; };
		062A6C51D77F41A215809858 /* SearchMeaningsRouterInput.swift */ = {isa = PBXFileReference; includeInIndex = 1; lastKnownFileType = sourcecode.swift; path = SearchMeaningsRouterInput.swift; sourceTree = "<group>"; };
		130B4B40A0319FDC3C557CE6 /* SearchMeaningsRouter.swift */ = {isa = PBXFileReference; includeInIndex = 1; lastKnownFileType = sourcecode.swift; path = SearchMeaningsRouter.swift; sourceTree = "<group>"; };
		13AAE5E33919B31CEFADF8AB /* Pods_SkyEngWords.framework */ = {isa = PBXFileReference; explicitFileType = wrapper.framework; includeInIndex = 0; path = Pods_SkyEngWords.framework; sourceTree = BUILT_PRODUCTS_DIR; };
		2FF2DCC63F054363F8DDA999 /* DetailWordRouterTests.swift */ = {isa = PBXFileReference; includeInIndex = 1; lastKnownFileType = sourcecode.swift; path = DetailWordRouterTests.swift; sourceTree = "<group>"; };
		32496A930C5E5DD3BCC413ED /* SearchMeaningsViewOutput.swift */ = {isa = PBXFileReference; includeInIndex = 1; lastKnownFileType = sourcecode.swift; path = SearchMeaningsViewOutput.swift; sourceTree = "<group>"; };
		37CD36F18390F5F318496046 /* DetailWordRouter.swift */ = {isa = PBXFileReference; includeInIndex = 1; lastKnownFileType = sourcecode.swift; path = DetailWordRouter.swift; sourceTree = "<group>"; };
		3D07C1B39D23957385816399 /* SearchMeaningsViewTests.swift */ = {isa = PBXFileReference; includeInIndex = 1; lastKnownFileType = sourcecode.swift; path = SearchMeaningsViewTests.swift; sourceTree = "<group>"; };
		4125634065F991237B40C819 /* SearchMeaningsModuleConfiguratorTests.swift */ = {isa = PBXFileReference; includeInIndex = 1; lastKnownFileType = sourcecode.swift; path = SearchMeaningsModuleConfiguratorTests.swift; sourceTree = "<group>"; };
		51CEA07EE04CA7E046FB6975 /* DetailWordViewInput.swift */ = {isa = PBXFileReference; includeInIndex = 1; lastKnownFileType = sourcecode.swift; path = DetailWordViewInput.swift; sourceTree = "<group>"; };
		6B8D5D1CCB3F0F16BA827C44 /* DetailWordPresenterTests.swift */ = {isa = PBXFileReference; includeInIndex = 1; lastKnownFileType = sourcecode.swift; path = DetailWordPresenterTests.swift; sourceTree = "<group>"; };
		6DB68A52D31630EAEA96DAA4 /* SearchMeaningsViewInput.swift */ = {isa = PBXFileReference; includeInIndex = 1; lastKnownFileType = sourcecode.swift; path = SearchMeaningsViewInput.swift; sourceTree = "<group>"; };
		7F7170565FA0CE44F8FCBB5D /* SearchMeaningsPresenterTests.swift */ = {isa = PBXFileReference; includeInIndex = 1; lastKnownFileType = sourcecode.swift; path = SearchMeaningsPresenterTests.swift; sourceTree = "<group>"; };
		89D6D0579A1C04162BBCCB4E /* SearchMeaningsModuleConfigurator.swift */ = {isa = PBXFileReference; includeInIndex = 1; lastKnownFileType = sourcecode.swift; path = SearchMeaningsModuleConfigurator.swift; sourceTree = "<group>"; };
		A822398B24104C2800745E73 /* API.swift */ = {isa = PBXFileReference; lastKnownFileType = sourcecode.swift; path = API.swift; sourceTree = "<group>"; };
		A82239902410504400745E73 /* Environment.swift */ = {isa = PBXFileReference; lastKnownFileType = sourcecode.swift; path = Environment.swift; sourceTree = "<group>"; };
		A82239922410509600745E73 /* Development.xcconfig */ = {isa = PBXFileReference; lastKnownFileType = text.xcconfig; path = Development.xcconfig; sourceTree = "<group>"; };
		A82239932410512400745E73 /* Release.xcconfig */ = {isa = PBXFileReference; lastKnownFileType = text.xcconfig; path = Release.xcconfig; sourceTree = "<group>"; };
		A872595A241188DB00F6709D /* MeaningTableViewCell.swift */ = {isa = PBXFileReference; lastKnownFileType = sourcecode.swift; path = MeaningTableViewCell.swift; sourceTree = "<group>"; };
		A872595B241188DB00F6709D /* MeaningTableViewCell.xib */ = {isa = PBXFileReference; lastKnownFileType = file.xib; path = MeaningTableViewCell.xib; sourceTree = "<group>"; };
		A872595F2411891800F6709D /* MeaningsViewAdapterOutput.swift */ = {isa = PBXFileReference; lastKnownFileType = sourcecode.swift; path = MeaningsViewAdapterOutput.swift; sourceTree = "<group>"; };
		A87259612411894800F6709D /* MeaningsDataSource.swift */ = {isa = PBXFileReference; lastKnownFileType = sourcecode.swift; path = MeaningsDataSource.swift; sourceTree = "<group>"; };
		A872596324118A2B00F6709D /* DetailWordViewController.swift */ = {isa = PBXFileReference; lastKnownFileType = sourcecode.swift; path = DetailWordViewController.swift; sourceTree = "<group>"; };
		A872596424118A2B00F6709D /* DetailWordViewController.xib */ = {isa = PBXFileReference; lastKnownFileType = file.xib; path = DetailWordViewController.xib; sourceTree = "<group>"; };
		A872596F2411959000F6709D /* UIImageView+ByUrl.swift */ = {isa = PBXFileReference; lastKnownFileType = sourcecode.swift; path = "UIImageView+ByUrl.swift"; sourceTree = "<group>"; };
		A8839921241018C500C59B30 /* SkyEngWords.app */ = {isa = PBXFileReference; explicitFileType = wrapper.application; includeInIndex = 0; path = SkyEngWords.app; sourceTree = BUILT_PRODUCTS_DIR; };
		A8839925241018C500C59B30 /* fastlane */ = {isa = PBXFileReference; lastKnownFileType = folder; name = fastlane; path = ../../fastlane; sourceTree = "<group>"; };
		A8839927241018C500C59B30 /* ci */ = {isa = PBXFileReference; lastKnownFileType = folder; name = ci; path = ../../ci; sourceTree = "<group>"; };
		A8839929241018C500C59B30 /* Podfile */ = {isa = PBXFileReference; lastKnownFileType = text; name = Podfile; path = ../../Podfile; sourceTree = "<group>"; };
		A883992B241018C500C59B30 /* .gitignore */ = {isa = PBXFileReference; lastKnownFileType = text; name = .gitignore; path = ../../.gitignore; sourceTree = "<group>"; };
		A883992E241018C500C59B30 /* .gitkeep */ = {isa = PBXFileReference; lastKnownFileType = text; path = .gitkeep; sourceTree = "<group>"; };
		A8839930241018C500C59B30 /* .gitkeep */ = {isa = PBXFileReference; lastKnownFileType = text; path = .gitkeep; sourceTree = "<group>"; };
		A8839933241018C500C59B30 /* .gitkeep */ = {isa = PBXFileReference; lastKnownFileType = text; path = .gitkeep; sourceTree = "<group>"; };
		A8839935241018C500C59B30 /* .gitkeep */ = {isa = PBXFileReference; lastKnownFileType = text; path = .gitkeep; sourceTree = "<group>"; };
		A8839937241018C500C59B30 /* .gitkeep */ = {isa = PBXFileReference; lastKnownFileType = text; path = .gitkeep; sourceTree = "<group>"; };
		A8839939241018C500C59B30 /* .gitkeep */ = {isa = PBXFileReference; lastKnownFileType = text; path = .gitkeep; sourceTree = "<group>"; };
		A883993C241018C500C59B30 /* .gitkeep */ = {isa = PBXFileReference; lastKnownFileType = text; path = .gitkeep; sourceTree = "<group>"; };
		A883993E241018C500C59B30 /* .gitkeep */ = {isa = PBXFileReference; lastKnownFileType = text; path = .gitkeep; sourceTree = "<group>"; };
		A8839941241018C500C59B30 /* .gitkeep */ = {isa = PBXFileReference; lastKnownFileType = text; path = .gitkeep; sourceTree = "<group>"; };
		A8839943241018C500C59B30 /* .gitkeep */ = {isa = PBXFileReference; lastKnownFileType = text; path = .gitkeep; sourceTree = "<group>"; };
		A8839945241018C500C59B30 /* .gitkeep */ = {isa = PBXFileReference; lastKnownFileType = text; path = .gitkeep; sourceTree = "<group>"; };
		A8839947241018C500C59B30 /* .gitkeep */ = {isa = PBXFileReference; lastKnownFileType = text; path = .gitkeep; sourceTree = "<group>"; };
		A8839949241018C500C59B30 /* .gitkeep */ = {isa = PBXFileReference; lastKnownFileType = text; path = .gitkeep; sourceTree = "<group>"; };
		A883994B241018C500C59B30 /* .gitkeep */ = {isa = PBXFileReference; lastKnownFileType = text; path = .gitkeep; sourceTree = "<group>"; };
		A883994D241018C500C59B30 /* LaunchScreen.xib */ = {isa = PBXFileReference; lastKnownFileType = file.xib; path = LaunchScreen.xib; sourceTree = "<group>"; };
		A883994F241018C500C59B30 /* Assets.xcassets */ = {isa = PBXFileReference; lastKnownFileType = folder.assetcatalog; path = Assets.xcassets; sourceTree = "<group>"; };
		A8839951241018C500C59B30 /* AppDelegate.swift */ = {isa = PBXFileReference; lastKnownFileType = sourcecode.swift; path = AppDelegate.swift; sourceTree = "<group>"; };
		A8839954241018C500C59B30 /* .gitkeep */ = {isa = PBXFileReference; lastKnownFileType = text; path = .gitkeep; sourceTree = "<group>"; };
		A8839955241018C500C59B30 /* Localizable.strings */ = {isa = PBXFileReference; lastKnownFileType = text.plist.strings; path = Localizable.strings; sourceTree = "<group>"; };
		A8839956241018C500C59B30 /* Assets.swift */ = {isa = PBXFileReference; lastKnownFileType = sourcecode.swift; path = Assets.swift; sourceTree = "<group>"; };
		A8839958241018C500C59B30 /* Fonts.swift */ = {isa = PBXFileReference; lastKnownFileType = sourcecode.swift; path = Fonts.swift; sourceTree = "<group>"; };
		A883995A241018C500C59B30 /* Strings.swift */ = {isa = PBXFileReference; lastKnownFileType = sourcecode.swift; path = Strings.swift; sourceTree = "<group>"; };
		A883995D241018C500C59B30 /* Colors.swift */ = {isa = PBXFileReference; lastKnownFileType = sourcecode.swift; path = Colors.swift; sourceTree = "<group>"; };
		A883995F241018C500C59B30 /* swiftgen.yml */ = {isa = PBXFileReference; lastKnownFileType = text.yaml; name = swiftgen.yml; path = ../../swiftgen.yml; sourceTree = "<group>"; };
		A8839961241018C500C59B30 /* .swiftlint.yml */ = {isa = PBXFileReference; lastKnownFileType = text.yaml; name = .swiftlint.yml; path = ../../.swiftlint.yml; sourceTree = "<group>"; };
		A8839963241018C500C59B30 /* Makefile */ = {isa = PBXFileReference; lastKnownFileType = sourcecode.make; name = Makefile; path = ../../Makefile; sourceTree = "<group>"; };
		A8839964241018C500C59B30 /* Gemfile */ = {isa = PBXFileReference; lastKnownFileType = text; name = Gemfile; path = ../../Gemfile; sourceTree = "<group>"; };
		A8839965241018C500C59B30 /* commit-msg */ = {isa = PBXFileReference; lastKnownFileType = text; name = "commit-msg"; path = "../../commit-msg"; sourceTree = "<group>"; };
		A8839966241018C500C59B30 /* Rambafile */ = {isa = PBXFileReference; lastKnownFileType = text; name = Rambafile; path = ../../Rambafile; sourceTree = "<group>"; };
		A8839967241018C500C59B30 /* README.md */ = {isa = PBXFileReference; lastKnownFileType = net.daringfireball.markdown; name = README.md; path = ../../README.md; sourceTree = "<group>"; };
		A8839968241018C500C59B30 /* ModuleTrasitionable.swift */ = {isa = PBXFileReference; lastKnownFileType = sourcecode.swift; path = ModuleTrasitionable.swift; sourceTree = "<group>"; };
		A883996A241018C500C59B30 /* Info.plist */ = {isa = PBXFileReference; lastKnownFileType = text.plist.xml; path = Info.plist; sourceTree = "<group>"; };
		A883996F241018C500C59B30 /* SkyEngWordsTests.xctest */ = {isa = PBXFileReference; explicitFileType = wrapper.cfbundle; includeInIndex = 0; path = SkyEngWordsTests.xctest; sourceTree = BUILT_PRODUCTS_DIR; };
		A8839973241018C500C59B30 /* SkyEngWordsTests.swift */ = {isa = PBXFileReference; lastKnownFileType = sourcecode.swift; path = SkyEngWordsTests.swift; sourceTree = "<group>"; };
		A8839976241018C500C59B30 /* .gitkeep */ = {isa = PBXFileReference; lastKnownFileType = text; path = .gitkeep; sourceTree = "<group>"; };
		A8839977241018C500C59B30 /* .gitkeep */ = {isa = PBXFileReference; lastKnownFileType = text; path = .gitkeep; sourceTree = "<group>"; };
		A8839978241018C500C59B30 /* XCTestCase.swift */ = {isa = PBXFileReference; lastKnownFileType = sourcecode.swift; path = XCTestCase.swift; sourceTree = "<group>"; };
		A883997A241018C500C59B30 /* Info.plist */ = {isa = PBXFileReference; lastKnownFileType = text.plist.xml; path = Info.plist; sourceTree = "<group>"; };
		A883997F241018C600C59B30 /* SkyEngWordsUITests.xctest */ = {isa = PBXFileReference; explicitFileType = wrapper.cfbundle; includeInIndex = 0; path = SkyEngWordsUITests.xctest; sourceTree = BUILT_PRODUCTS_DIR; };
		A8839983241018C600C59B30 /* SkyEngWordsUITests.swift */ = {isa = PBXFileReference; lastKnownFileType = sourcecode.swift; path = SkyEngWordsUITests.swift; sourceTree = "<group>"; };
		A8839985241018C600C59B30 /* Info.plist */ = {isa = PBXFileReference; lastKnownFileType = text.plist.xml; path = Info.plist; sourceTree = "<group>"; };
		A8F0B9B2241024620038B1E9 /* AppConfigurator.swift */ = {isa = PBXFileReference; lastKnownFileType = sourcecode.swift; path = AppConfigurator.swift; sourceTree = "<group>"; };
		A8F0B9B4241025D80038B1E9 /* AppRouter.swift */ = {isa = PBXFileReference; lastKnownFileType = sourcecode.swift; path = AppRouter.swift; sourceTree = "<group>"; };
		A8F0B9B6241027FA0038B1E9 /* AppRouterInput.swift */ = {isa = PBXFileReference; lastKnownFileType = sourcecode.swift; path = AppRouterInput.swift; sourceTree = "<group>"; };
		A8F0B9B824104A070038B1E9 /* Word.swift */ = {isa = PBXFileReference; lastKnownFileType = sourcecode.swift; path = Word.swift; sourceTree = "<group>"; };
		A8F0B9BA24104A470038B1E9 /* Meaning.swift */ = {isa = PBXFileReference; lastKnownFileType = sourcecode.swift; path = Meaning.swift; sourceTree = "<group>"; };
		A8F0B9BC24104A7C0038B1E9 /* Translation.swift */ = {isa = PBXFileReference; lastKnownFileType = sourcecode.swift; path = Translation.swift; sourceTree = "<group>"; };
		A970063A0AE2ED7335F2FF20 /* DetailWordModuleOutput.swift */ = {isa = PBXFileReference; includeInIndex = 1; lastKnownFileType = sourcecode.swift; path = DetailWordModuleOutput.swift; sourceTree = "<group>"; };
		B6E3F1FA766D1C026E548D39 /* SearchMeaningsModuleOutput.swift */ = {isa = PBXFileReference; includeInIndex = 1; lastKnownFileType = sourcecode.swift; path = SearchMeaningsModuleOutput.swift; sourceTree = "<group>"; };
		BD573A84191C7BF5F607AB41 /* DetailWordModuleConfigurator.swift */ = {isa = PBXFileReference; includeInIndex = 1; lastKnownFileType = sourcecode.swift; path = DetailWordModuleConfigurator.swift; sourceTree = "<group>"; };
		C817B469E60778AB09311646 /* SearchMeaningsModuleInput.swift */ = {isa = PBXFileReference; includeInIndex = 1; lastKnownFileType = sourcecode.swift; path = SearchMeaningsModuleInput.swift; sourceTree = "<group>"; };
		C90DF63924114524008A8DCB /* WordsViewAdapterOutput.swift */ = {isa = PBXFileReference; lastKnownFileType = sourcecode.swift; path = WordsViewAdapterOutput.swift; sourceTree = "<group>"; };
		C90DF63B2411554D008A8DCB /* LoadingCell.swift */ = {isa = PBXFileReference; lastKnownFileType = sourcecode.swift; path = LoadingCell.swift; sourceTree = "<group>"; };
		C90DF63C2411554D008A8DCB /* LoadingCell.xib */ = {isa = PBXFileReference; lastKnownFileType = file.xib; path = LoadingCell.xib; sourceTree = "<group>"; };
		C9B2F3D32410E4D300C23BA6 /* SearchMeaningsViewController.swift */ = {isa = PBXFileReference; lastKnownFileType = sourcecode.swift; path = SearchMeaningsViewController.swift; sourceTree = "<group>"; };
		C9B2F3D42410E4D300C23BA6 /* SearchMeaningsViewController.xib */ = {isa = PBXFileReference; lastKnownFileType = file.xib; path = SearchMeaningsViewController.xib; sourceTree = "<group>"; };
		C9B2F3D72410EC6900C23BA6 /* LoadingState.swift */ = {isa = PBXFileReference; lastKnownFileType = sourcecode.swift; path = LoadingState.swift; sourceTree = "<group>"; };
		C9B2F3D92410F1F900C23BA6 /* WordsService.swift */ = {isa = PBXFileReference; lastKnownFileType = sourcecode.swift; path = WordsService.swift; sourceTree = "<group>"; };
		C9B2F3DB2410F2CD00C23BA6 /* FetchService.swift */ = {isa = PBXFileReference; lastKnownFileType = sourcecode.swift; path = FetchService.swift; sourceTree = "<group>"; };
		C9B2F3DD2410F30000C23BA6 /* ServiceError.swift */ = {isa = PBXFileReference; lastKnownFileType = sourcecode.swift; path = ServiceError.swift; sourceTree = "<group>"; };
		C9B2F3DF2410F47900C23BA6 /* IFetchService.swift */ = {isa = PBXFileReference; lastKnownFileType = sourcecode.swift; path = IFetchService.swift; sourceTree = "<group>"; };
		C9B2F3E12410F4AF00C23BA6 /* IWordsService.swift */ = {isa = PBXFileReference; lastKnownFileType = sourcecode.swift; path = IWordsService.swift; sourceTree = "<group>"; };
		C9B2F3E52411020900C23BA6 /* WordsDataSource.swift */ = {isa = PBXFileReference; lastKnownFileType = sourcecode.swift; path = WordsDataSource.swift; sourceTree = "<group>"; };
		C9B2F3E824111E9100C23BA6 /* WordTableViewCell.swift */ = {isa = PBXFileReference; lastKnownFileType = sourcecode.swift; path = WordTableViewCell.swift; sourceTree = "<group>"; };
		C9B2F3E924111E9100C23BA6 /* WordTableViewCell.xib */ = {isa = PBXFileReference; lastKnownFileType = file.xib; path = WordTableViewCell.xib; sourceTree = "<group>"; };
		C9B2F3EC24111EB300C23BA6 /* UITableViewCell+nib.swift */ = {isa = PBXFileReference; lastKnownFileType = sourcecode.swift; path = "UITableViewCell+nib.swift"; sourceTree = "<group>"; };
		CEA0C052314B4113E8D1BA05 /* DetailWordRouterInput.swift */ = {isa = PBXFileReference; includeInIndex = 1; lastKnownFileType = sourcecode.swift; path = DetailWordRouterInput.swift; sourceTree = "<group>"; };
		D985EAE49E1B9E74B28AC5F3 /* SearchMeaningsPresenter.swift */ = {isa = PBXFileReference; includeInIndex = 1; lastKnownFileType = sourcecode.swift; path = SearchMeaningsPresenter.swift; sourceTree = "<group>"; };
		E05E5815BCA6F8633BB6CF18 /* SearchMeaningsRouterTests.swift */ = {isa = PBXFileReference; includeInIndex = 1; lastKnownFileType = sourcecode.swift; path = SearchMeaningsRouterTests.swift; sourceTree = "<group>"; };
		E25962B9A0BAF86E60688450 /* DetailWordModuleInput.swift */ = {isa = PBXFileReference; includeInIndex = 1; lastKnownFileType = sourcecode.swift; path = DetailWordModuleInput.swift; sourceTree = "<group>"; };
		EA1E5EB461C49B6DB43F0303 /* DetailWordPresenter.swift */ = {isa = PBXFileReference; includeInIndex = 1; lastKnownFileType = sourcecode.swift; path = DetailWordPresenter.swift; sourceTree = "<group>"; };
		F1A0FC6B2AC4238C0F6042C9 /* Pods-SkyEngWords.release.xcconfig */ = {isa = PBXFileReference; includeInIndex = 1; lastKnownFileType = text.xcconfig; name = "Pods-SkyEngWords.release.xcconfig"; path = "Target Support Files/Pods-SkyEngWords/Pods-SkyEngWords.release.xcconfig"; sourceTree = "<group>"; };
		F1D34D4C7704D43B8519717B /* Pods-SkyEngWords.debug.xcconfig */ = {isa = PBXFileReference; includeInIndex = 1; lastKnownFileType = text.xcconfig; name = "Pods-SkyEngWords.debug.xcconfig"; path = "Target Support Files/Pods-SkyEngWords/Pods-SkyEngWords.debug.xcconfig"; sourceTree = "<group>"; };
		FD647DC133AA93D187D4504A /* DetailWordViewTests.swift */ = {isa = PBXFileReference; includeInIndex = 1; lastKnownFileType = sourcecode.swift; path = DetailWordViewTests.swift; sourceTree = "<group>"; };
		FF5B880E56DDB0BCF6637E6E /* DetailWordViewOutput.swift */ = {isa = PBXFileReference; includeInIndex = 1; lastKnownFileType = sourcecode.swift; path = DetailWordViewOutput.swift; sourceTree = "<group>"; };
/* End PBXFileReference section */

/* Begin PBXFrameworksBuildPhase section */
		A883991C241018C500C59B30 /* Frameworks */ = {
			isa = PBXFrameworksBuildPhase;
			buildActionMask = 2147483647;
			files = (
				7B380E804F6088A9822E7B66 /* Pods_SkyEngWords.framework in Frameworks */,
			);
			runOnlyForDeploymentPostprocessing = 0;
		};
		A883996C241018C500C59B30 /* Frameworks */ = {
			isa = PBXFrameworksBuildPhase;
			buildActionMask = 2147483647;
			files = (
			);
			runOnlyForDeploymentPostprocessing = 0;
		};
		A883997C241018C500C59B30 /* Frameworks */ = {
			isa = PBXFrameworksBuildPhase;
			buildActionMask = 2147483647;
			files = (
			);
			runOnlyForDeploymentPostprocessing = 0;
		};
/* End PBXFrameworksBuildPhase section */

/* Begin PBXGroup section */
		0AB0A3509CEE0F050858BAF4 /* SearchMeanings */ = {
			isa = PBXGroup;
			children = (
				CCEF1404C29B42F8671CBC4D /* Configurator */,
				8FD404B0624E946F93234914 /* Presenter */,
				6F2C6D414035987BCA8B74F0 /* Router */,
				BACD7E2792ACE38940109CBF /* View */,
			);
			path = SearchMeanings;
			sourceTree = "<group>";
		};
		1414C60019C088F6280F7D9F /* Frameworks */ = {
			isa = PBXGroup;
			children = (
				13AAE5E33919B31CEFADF8AB /* Pods_SkyEngWords.framework */,
			);
			name = Frameworks;
			sourceTree = "<group>";
		};
		144EACC319FA94272BBB488A /* DetailWord */ = {
			isa = PBXGroup;
			children = (
				E3AE3A745A6FA4CD70D2A71F /* Configurator */,
				BD6B6024E3DF1266D04C6663 /* Router */,
				5D2A476CE3B51FF52466458D /* Presenter */,
				DEFB957B382C89E0E65AE3FD /* View */,
			);
			path = DetailWord;
			sourceTree = "<group>";
		};
		280136F269D899263B34D201 /* Router */ = {
			isa = PBXGroup;
			children = (
				2FF2DCC63F054363F8DDA999 /* DetailWordRouterTests.swift */,
			);
			path = Router;
			sourceTree = "<group>";
		};
		28057F8C9483A79DD1192B30 /* Configurator */ = {
			isa = PBXGroup;
			children = (
				89D6D0579A1C04162BBCCB4E /* SearchMeaningsModuleConfigurator.swift */,
			);
			path = Configurator;
			sourceTree = "<group>";
		};
		51CEBAA47BF1646EF9D8A1BB /* View */ = {
			isa = PBXGroup;
			children = (
				FD647DC133AA93D187D4504A /* DetailWordViewTests.swift */,
			);
			path = View;
			sourceTree = "<group>";
		};
		5ADFB0C0A53C733E11BA7A2D /* Presenter */ = {
			isa = PBXGroup;
			children = (
				6B8D5D1CCB3F0F16BA827C44 /* DetailWordPresenterTests.swift */,
			);
			path = Presenter;
			sourceTree = "<group>";
		};
		5D2A476CE3B51FF52466458D /* Presenter */ = {
			isa = PBXGroup;
			children = (
				EA1E5EB461C49B6DB43F0303 /* DetailWordPresenter.swift */,
				E25962B9A0BAF86E60688450 /* DetailWordModuleInput.swift */,
				A970063A0AE2ED7335F2FF20 /* DetailWordModuleOutput.swift */,
			);
			path = Presenter;
			sourceTree = "<group>";
		};
		646018DE6317DCACD88869EE /* Configurator */ = {
			isa = PBXGroup;
			children = (
				04F183B7DBD416476FBDC127 /* DetailWordModuleConfiguratorTests.swift */,
			);
			path = Configurator;
			sourceTree = "<group>";
		};
		6C177954FA5C2F9A9D331327 /* Presenter */ = {
			isa = PBXGroup;
			children = (
				C817B469E60778AB09311646 /* SearchMeaningsModuleInput.swift */,
				B6E3F1FA766D1C026E548D39 /* SearchMeaningsModuleOutput.swift */,
				D985EAE49E1B9E74B28AC5F3 /* SearchMeaningsPresenter.swift */,
			);
			path = Presenter;
			sourceTree = "<group>";
		};
		6F2C6D414035987BCA8B74F0 /* Router */ = {
			isa = PBXGroup;
			children = (
				E05E5815BCA6F8633BB6CF18 /* SearchMeaningsRouterTests.swift */,
			);
			path = Router;
			sourceTree = "<group>";
		};
		7466D8C59714D9C083984A07 /* DetailWord */ = {
			isa = PBXGroup;
			children = (
				646018DE6317DCACD88869EE /* Configurator */,
				280136F269D899263B34D201 /* Router */,
				5ADFB0C0A53C733E11BA7A2D /* Presenter */,
				51CEBAA47BF1646EF9D8A1BB /* View */,
			);
			path = DetailWord;
			sourceTree = "<group>";
		};
		8FD404B0624E946F93234914 /* Presenter */ = {
			isa = PBXGroup;
			children = (
				7F7170565FA0CE44F8FCBB5D /* SearchMeaningsPresenterTests.swift */,
			);
			path = Presenter;
			sourceTree = "<group>";
		};
		A822398F24104D9200745E73 /* Network */ = {
			isa = PBXGroup;
			children = (
				A822398B24104C2800745E73 /* API.swift */,
			);
			path = Network;
			sourceTree = "<group>";
		};
		A8725959241188C100F6709D /* Cells */ = {
			isa = PBXGroup;
			children = (
				A872595A241188DB00F6709D /* MeaningTableViewCell.swift */,
				A872595B241188DB00F6709D /* MeaningTableViewCell.xib */,
			);
			path = Cells;
			sourceTree = "<group>";
		};
		A872595E241188FB00F6709D /* Adapters */ = {
			isa = PBXGroup;
			children = (
				A872595F2411891800F6709D /* MeaningsViewAdapterOutput.swift */,
				A87259612411894800F6709D /* MeaningsDataSource.swift */,
			);
			path = Adapters;
			sourceTree = "<group>";
		};
		A8839916241018C500C59B30 = {
			isa = PBXGroup;
			children = (
				1414C60019C088F6280F7D9F /* Frameworks */,
				BFB9C176680FC668AB0FF489 /* Pods */,
				A8839922241018C500C59B30 /* Products */,
				A8839923241018C500C59B30 /* SkyEngWords */,
				A8839972241018C500C59B30 /* SkyEngWordsTests */,
				A8839982241018C600C59B30 /* SkyEngWordsUITests */,
			);
			sourceTree = "<group>";
		};
		A8839922241018C500C59B30 /* Products */ = {
			isa = PBXGroup;
			children = (
				A8839921241018C500C59B30 /* SkyEngWords.app */,
				A883996F241018C500C59B30 /* SkyEngWordsTests.xctest */,
				A883997F241018C600C59B30 /* SkyEngWordsUITests.xctest */,
			);
			name = Products;
			sourceTree = "<group>";
		};
		A8839923241018C500C59B30 /* SkyEngWords */ = {
			isa = PBXGroup;
			children = (
				A883994C241018C500C59B30 /* Application */,
				A883993F241018C500C59B30 /* Library */,
				A883993A241018C500C59B30 /* Models */,
				A822398F24104D9200745E73 /* Network */,
				A8839924241018C500C59B30 /* Non-iOS Resources */,
				A8839931241018C500C59B30 /* Resources */,
				A883992F241018C500C59B30 /* Services */,
				A883992D241018C500C59B30 /* Third Party */,
				A8839953241018C500C59B30 /* User Stories */,
				A883996A241018C500C59B30 /* Info.plist */,
			);
			path = SkyEngWords;
			sourceTree = "<group>";
		};
		A8839924241018C500C59B30 /* Non-iOS Resources */ = {
			isa = PBXGroup;
			children = (
				A8839925241018C500C59B30 /* fastlane */,
				A8839927241018C500C59B30 /* ci */,
				A8839929241018C500C59B30 /* Podfile */,
				A883992B241018C500C59B30 /* .gitignore */,
				A883995F241018C500C59B30 /* swiftgen.yml */,
				A8839961241018C500C59B30 /* .swiftlint.yml */,
				A8839963241018C500C59B30 /* Makefile */,
				A8839964241018C500C59B30 /* Gemfile */,
				A8839965241018C500C59B30 /* commit-msg */,
				A8839966241018C500C59B30 /* Rambafile */,
				A8839967241018C500C59B30 /* README.md */,
			);
			path = "Non-iOS Resources";
			sourceTree = "<group>";
		};
		A883992D241018C500C59B30 /* Third Party */ = {
			isa = PBXGroup;
			children = (
				A883992E241018C500C59B30 /* .gitkeep */,
			);
			path = "Third Party";
			sourceTree = "<group>";
		};
		A883992F241018C500C59B30 /* Services */ = {
			isa = PBXGroup;
			children = (
				A8839930241018C500C59B30 /* .gitkeep */,
				C9B2F3DF2410F47900C23BA6 /* IFetchService.swift */,
				C9B2F3DB2410F2CD00C23BA6 /* FetchService.swift */,
				C9B2F3E12410F4AF00C23BA6 /* IWordsService.swift */,
				C9B2F3D92410F1F900C23BA6 /* WordsService.swift */,
			);
			path = Services;
			sourceTree = "<group>";
		};
		A8839931241018C500C59B30 /* Resources */ = {
			isa = PBXGroup;
			children = (
				A883995C241018C500C59B30 /* Colors */,
				A8839936241018C500C59B30 /* Constants */,
				A8839938241018C500C59B30 /* Fonts */,
				A8839934241018C500C59B30 /* Images */,
				A8839932241018C500C59B30 /* Strings */,
			);
			path = Resources;
			sourceTree = "<group>";
		};
		A8839932241018C500C59B30 /* Strings */ = {
			isa = PBXGroup;
			children = (
				A8839933241018C500C59B30 /* .gitkeep */,
				A8839955241018C500C59B30 /* Localizable.strings */,
				A883995A241018C500C59B30 /* Strings.swift */,
			);
			path = Strings;
			sourceTree = "<group>";
		};
		A8839934241018C500C59B30 /* Images */ = {
			isa = PBXGroup;
			children = (
				A8839935241018C500C59B30 /* .gitkeep */,
				A8839956241018C500C59B30 /* Assets.swift */,
				A883994F241018C500C59B30 /* Assets.xcassets */,
			);
			path = Images;
			sourceTree = "<group>";
		};
		A8839936241018C500C59B30 /* Constants */ = {
			isa = PBXGroup;
			children = (
				A8839937241018C500C59B30 /* .gitkeep */,
			);
			path = Constants;
			sourceTree = "<group>";
		};
		A8839938241018C500C59B30 /* Fonts */ = {
			isa = PBXGroup;
			children = (
				A8839939241018C500C59B30 /* .gitkeep */,
				A8839958241018C500C59B30 /* Fonts.swift */,
			);
			path = Fonts;
			sourceTree = "<group>";
		};
		A883993A241018C500C59B30 /* Models */ = {
			isa = PBXGroup;
			children = (
				A883993B241018C500C59B30 /* Entity */,
				A883993D241018C500C59B30 /* Entry */,
			);
			path = Models;
			sourceTree = "<group>";
		};
		A883993B241018C500C59B30 /* Entity */ = {
			isa = PBXGroup;
			children = (
				A883993C241018C500C59B30 /* .gitkeep */,
				A8F0B9BA24104A470038B1E9 /* Meaning.swift */,
				A8F0B9BC24104A7C0038B1E9 /* Translation.swift */,
			);
			path = Entity;
			sourceTree = "<group>";
		};
		A883993D241018C500C59B30 /* Entry */ = {
			isa = PBXGroup;
			children = (
				A883993E241018C500C59B30 /* .gitkeep */,
				A8F0B9B824104A070038B1E9 /* Word.swift */,
			);
			path = Entry;
			sourceTree = "<group>";
		};
		A883993F241018C500C59B30 /* Library */ = {
			isa = PBXGroup;
			children = (
				A8839940241018C500C59B30 /* Base Classes */,
				A8839944241018C500C59B30 /* Extensions */,
				A8839948241018C500C59B30 /* Protocols */,
				A8839946241018C500C59B30 /* Reusable Layer */,
				A883994A241018C500C59B30 /* Routers */,
				A8839942241018C500C59B30 /* Utils */,
			);
			path = Library;
			sourceTree = "<group>";
		};
		A8839940241018C500C59B30 /* Base Classes */ = {
			isa = PBXGroup;
			children = (
				A8839941241018C500C59B30 /* .gitkeep */,
				C9B2F3D72410EC6900C23BA6 /* LoadingState.swift */,
				C9B2F3DD2410F30000C23BA6 /* ServiceError.swift */,
			);
			path = "Base Classes";
			sourceTree = "<group>";
		};
		A8839942241018C500C59B30 /* Utils */ = {
			isa = PBXGroup;
			children = (
				A8839943241018C500C59B30 /* .gitkeep */,
			);
			path = Utils;
			sourceTree = "<group>";
		};
		A8839944241018C500C59B30 /* Extensions */ = {
			isa = PBXGroup;
			children = (
				A8839945241018C500C59B30 /* .gitkeep */,
				C9B2F3EC24111EB300C23BA6 /* UITableViewCell+nib.swift */,
				A872596F2411959000F6709D /* UIImageView+ByUrl.swift */,
			);
			path = Extensions;
			sourceTree = "<group>";
		};
		A8839946241018C500C59B30 /* Reusable Layer */ = {
			isa = PBXGroup;
			children = (
				A8839947241018C500C59B30 /* .gitkeep */,
				C90DF63B2411554D008A8DCB /* LoadingCell.swift */,
				C90DF63C2411554D008A8DCB /* LoadingCell.xib */,
			);
			path = "Reusable Layer";
			sourceTree = "<group>";
		};
		A8839948241018C500C59B30 /* Protocols */ = {
			isa = PBXGroup;
			children = (
				A8839949241018C500C59B30 /* .gitkeep */,
				A8839968241018C500C59B30 /* ModuleTrasitionable.swift */,
			);
			path = Protocols;
			sourceTree = "<group>";
		};
		A883994A241018C500C59B30 /* Routers */ = {
			isa = PBXGroup;
			children = (
				A883994B241018C500C59B30 /* .gitkeep */,
			);
			path = Routers;
			sourceTree = "<group>";
		};
		A883994C241018C500C59B30 /* Application */ = {
			isa = PBXGroup;
			children = (
				A8F0B9B2241024620038B1E9 /* AppConfigurator.swift */,
				A8839951241018C500C59B30 /* AppDelegate.swift */,
				A8F0B9B4241025D80038B1E9 /* AppRouter.swift */,
				A8F0B9B6241027FA0038B1E9 /* AppRouterInput.swift */,
				A82239922410509600745E73 /* Development.xcconfig */,
				A82239902410504400745E73 /* Environment.swift */,
				A883994D241018C500C59B30 /* LaunchScreen.xib */,
				A82239932410512400745E73 /* Release.xcconfig */,
			);
			path = Application;
			sourceTree = "<group>";
		};
		A8839953241018C500C59B30 /* User Stories */ = {
			isa = PBXGroup;
			children = (
				C8656D76E25A35DB147E38DD /* SearchMeanings */,
				144EACC319FA94272BBB488A /* DetailWord */,
				A8839954241018C500C59B30 /* .gitkeep */,
			);
			path = "User Stories";
			sourceTree = "<group>";
		};
		A883995C241018C500C59B30 /* Colors */ = {
			isa = PBXGroup;
			children = (
				A883995D241018C500C59B30 /* Colors.swift */,
			);
			path = Colors;
			sourceTree = "<group>";
		};
		A8839972241018C500C59B30 /* SkyEngWordsTests */ = {
			isa = PBXGroup;
			children = (
				A8839975241018C500C59B30 /* Tests */,
				A8839977241018C500C59B30 /* .gitkeep */,
				A883997A241018C500C59B30 /* Info.plist */,
				A8839973241018C500C59B30 /* SkyEngWordsTests.swift */,
				A8839978241018C500C59B30 /* XCTestCase.swift */,
			);
			path = SkyEngWordsTests;
			sourceTree = "<group>";
		};
		A8839975241018C500C59B30 /* Tests */ = {
			isa = PBXGroup;
			children = (
				B0A5881F9DFBEA985F470DD8 /* User Stories */,
				A8839976241018C500C59B30 /* .gitkeep */,
			);
			path = Tests;
			sourceTree = "<group>";
		};
		A8839982241018C600C59B30 /* SkyEngWordsUITests */ = {
			isa = PBXGroup;
			children = (
				A8839985241018C600C59B30 /* Info.plist */,
				A8839983241018C600C59B30 /* SkyEngWordsUITests.swift */,
			);
			path = SkyEngWordsUITests;
			sourceTree = "<group>";
		};
		B0A5881F9DFBEA985F470DD8 /* User Stories */ = {
			isa = PBXGroup;
			children = (
				0AB0A3509CEE0F050858BAF4 /* SearchMeanings */,
				7466D8C59714D9C083984A07 /* DetailWord */,
			);
			path = "User Stories";
			sourceTree = "<group>";
		};
		BACD7E2792ACE38940109CBF /* View */ = {
			isa = PBXGroup;
			children = (
				3D07C1B39D23957385816399 /* SearchMeaningsViewTests.swift */,
			);
			path = View;
			sourceTree = "<group>";
		};
		BD6B6024E3DF1266D04C6663 /* Router */ = {
			isa = PBXGroup;
			children = (
				37CD36F18390F5F318496046 /* DetailWordRouter.swift */,
				CEA0C052314B4113E8D1BA05 /* DetailWordRouterInput.swift */,
			);
			path = Router;
			sourceTree = "<group>";
		};
		BFB9C176680FC668AB0FF489 /* Pods */ = {
			isa = PBXGroup;
			children = (
				F1D34D4C7704D43B8519717B /* Pods-SkyEngWords.debug.xcconfig */,
				F1A0FC6B2AC4238C0F6042C9 /* Pods-SkyEngWords.release.xcconfig */,
			);
			path = Pods;
			sourceTree = "<group>";
		};
		C8656D76E25A35DB147E38DD /* SearchMeanings */ = {
			isa = PBXGroup;
			children = (
				28057F8C9483A79DD1192B30 /* Configurator */,
				6C177954FA5C2F9A9D331327 /* Presenter */,
				E7F3A1E42F0DD64234DCBFF3 /* Router */,
				E327D8389EC9073D0651D3E5 /* View */,
			);
			path = SearchMeanings;
			sourceTree = "<group>";
		};
		C90DF638241144F0008A8DCB /* Adapters */ = {
			isa = PBXGroup;
			children = (
				C90DF63924114524008A8DCB /* WordsViewAdapterOutput.swift */,
				C9B2F3E52411020900C23BA6 /* WordsDataSource.swift */,
			);
			path = Adapters;
			sourceTree = "<group>";
		};
		C9B2F3E724111E6900C23BA6 /* Cells */ = {
			isa = PBXGroup;
			children = (
				C9B2F3E824111E9100C23BA6 /* WordTableViewCell.swift */,
				C9B2F3E924111E9100C23BA6 /* WordTableViewCell.xib */,
			);
			path = Cells;
			sourceTree = "<group>";
		};
		CCEF1404C29B42F8671CBC4D /* Configurator */ = {
			isa = PBXGroup;
			children = (
				4125634065F991237B40C819 /* SearchMeaningsModuleConfiguratorTests.swift */,
			);
			path = Configurator;
			sourceTree = "<group>";
		};
		DEFB957B382C89E0E65AE3FD /* View */ = {
			isa = PBXGroup;
			children = (
				A872595E241188FB00F6709D /* Adapters */,
				A8725959241188C100F6709D /* Cells */,
				A872596424118A2B00F6709D /* DetailWordViewController.xib */,
				A872596324118A2B00F6709D /* DetailWordViewController.swift */,
				51CEA07EE04CA7E046FB6975 /* DetailWordViewInput.swift */,
				FF5B880E56DDB0BCF6637E6E /* DetailWordViewOutput.swift */,
			);
			path = View;
			sourceTree = "<group>";
		};
		E327D8389EC9073D0651D3E5 /* View */ = {
			isa = PBXGroup;
			children = (
				C90DF638241144F0008A8DCB /* Adapters */,
				C9B2F3E724111E6900C23BA6 /* Cells */,
				C9B2F3D42410E4D300C23BA6 /* SearchMeaningsViewController.xib */,
				C9B2F3D32410E4D300C23BA6 /* SearchMeaningsViewController.swift */,
				6DB68A52D31630EAEA96DAA4 /* SearchMeaningsViewInput.swift */,
				32496A930C5E5DD3BCC413ED /* SearchMeaningsViewOutput.swift */,
			);
			path = View;
			sourceTree = "<group>";
		};
		E3AE3A745A6FA4CD70D2A71F /* Configurator */ = {
			isa = PBXGroup;
			children = (
				BD573A84191C7BF5F607AB41 /* DetailWordModuleConfigurator.swift */,
			);
			path = Configurator;
			sourceTree = "<group>";
		};
		E7F3A1E42F0DD64234DCBFF3 /* Router */ = {
			isa = PBXGroup;
			children = (
				130B4B40A0319FDC3C557CE6 /* SearchMeaningsRouter.swift */,
				062A6C51D77F41A215809858 /* SearchMeaningsRouterInput.swift */,
			);
			path = Router;
			sourceTree = "<group>";
		};
/* End PBXGroup section */

/* Begin PBXNativeTarget section */
		A8839920241018C500C59B30 /* SkyEngWords */ = {
			isa = PBXNativeTarget;
			buildConfigurationList = A8839988241018C600C59B30 /* Build configuration list for PBXNativeTarget "SkyEngWords" */;
			buildPhases = (
				885CF5F29F62567CBDC1C8F2 /* [CP] Check Pods Manifest.lock */,
				A883991B241018C500C59B30 /* Sources */,
				A883991C241018C500C59B30 /* Frameworks */,
				A883991D241018C500C59B30 /* Resources */,
				A883991E241018C500C59B30 /* Swift Lint */,
				A883991F241018C500C59B30 /* Swift Gen */,
				D763649BC749BADE3A148619 /* [CP] Embed Pods Frameworks */,
			);
			buildRules = (
			);
			dependencies = (
			);
			name = SkyEngWords;
			productName = SkyEngWords;
			productReference = A8839921241018C500C59B30 /* SkyEngWords.app */;
			productType = "com.apple.product-type.application";
		};
		A883996E241018C500C59B30 /* SkyEngWordsTests */ = {
			isa = PBXNativeTarget;
			buildConfigurationList = A883998B241018C600C59B30 /* Build configuration list for PBXNativeTarget "SkyEngWordsTests" */;
			buildPhases = (
				A883996B241018C500C59B30 /* Sources */,
				A883996C241018C500C59B30 /* Frameworks */,
				A883996D241018C500C59B30 /* Resources */,
			);
			buildRules = (
			);
			dependencies = (
				A8839971241018C500C59B30 /* PBXTargetDependency */,
			);
			name = SkyEngWordsTests;
			productName = SkyEngWordsTests;
			productReference = A883996F241018C500C59B30 /* SkyEngWordsTests.xctest */;
			productType = "com.apple.product-type.bundle.unit-test";
		};
		A883997E241018C500C59B30 /* SkyEngWordsUITests */ = {
			isa = PBXNativeTarget;
			buildConfigurationList = A883998E241018C600C59B30 /* Build configuration list for PBXNativeTarget "SkyEngWordsUITests" */;
			buildPhases = (
				A883997B241018C500C59B30 /* Sources */,
				A883997C241018C500C59B30 /* Frameworks */,
				A883997D241018C500C59B30 /* Resources */,
			);
			buildRules = (
			);
			dependencies = (
				A8839981241018C600C59B30 /* PBXTargetDependency */,
			);
			name = SkyEngWordsUITests;
			productName = SkyEngWordsUITests;
			productReference = A883997F241018C600C59B30 /* SkyEngWordsUITests.xctest */;
			productType = "com.apple.product-type.bundle.ui-testing";
		};
/* End PBXNativeTarget section */

/* Begin PBXProject section */
		A8839917241018C500C59B30 /* Project object */ = {
			isa = PBXProject;
			attributes = {
				LastSwiftUpdateCheck = 1130;
				LastUpgradeCheck = 1130;
				ORGANIZATIONNAME = Alexandr;
				TargetAttributes = {
					A8839920241018C500C59B30 = {
						CreatedOnToolsVersion = 11.3.1;
					};
					A883996E241018C500C59B30 = {
						CreatedOnToolsVersion = 11.3.1;
						TestTargetID = A8839920241018C500C59B30;
					};
					A883997E241018C500C59B30 = {
						CreatedOnToolsVersion = 11.3.1;
						TestTargetID = A8839920241018C500C59B30;
					};
				};
			};
			buildConfigurationList = A883991A241018C500C59B30 /* Build configuration list for PBXProject "SkyEngWords" */;
			compatibilityVersion = "Xcode 9.3";
			developmentRegion = en;
			hasScannedForEncodings = 0;
			knownRegions = (
				en,
				Base,
			);
			mainGroup = A8839916241018C500C59B30;
			productRefGroup = A8839922241018C500C59B30 /* Products */;
			projectDirPath = "";
			projectRoot = "";
			targets = (
				A8839920241018C500C59B30 /* SkyEngWords */,
				A883996E241018C500C59B30 /* SkyEngWordsTests */,
				A883997E241018C500C59B30 /* SkyEngWordsUITests */,
			);
		};
/* End PBXProject section */

/* Begin PBXResourcesBuildPhase section */
		A883991D241018C500C59B30 /* Resources */ = {
			isa = PBXResourcesBuildPhase;
			buildActionMask = 2147483647;
			files = (
				A8839962241018C500C59B30 /* .swiftlint.yml in Resources */,
				A883994E241018C500C59B30 /* LaunchScreen.xib in Resources */,
				A8839960241018C500C59B30 /* swiftgen.yml in Resources */,
				A883992C241018C500C59B30 /* .gitignore in Resources */,
				A883992A241018C500C59B30 /* Podfile in Resources */,
				C90DF63E2411554D008A8DCB /* LoadingCell.xib in Resources */,
				C9B2F3D62410E4D300C23BA6 /* SearchMeaningsViewController.xib in Resources */,
				A8839928241018C500C59B30 /* ci in Resources */,
				A872596624118A2B00F6709D /* DetailWordViewController.xib in Resources */,
				A8839950241018C500C59B30 /* Assets.xcassets in Resources */,
				A872595D241188DB00F6709D /* MeaningTableViewCell.xib in Resources */,
				A8839926241018C500C59B30 /* fastlane in Resources */,
				C9B2F3EB24111E9100C23BA6 /* WordTableViewCell.xib in Resources */,
			);
			runOnlyForDeploymentPostprocessing = 0;
		};
		A883996D241018C500C59B30 /* Resources */ = {
			isa = PBXResourcesBuildPhase;
			buildActionMask = 2147483647;
			files = (
			);
			runOnlyForDeploymentPostprocessing = 0;
		};
		A883997D241018C500C59B30 /* Resources */ = {
			isa = PBXResourcesBuildPhase;
			buildActionMask = 2147483647;
			files = (
			);
			runOnlyForDeploymentPostprocessing = 0;
		};
/* End PBXResourcesBuildPhase section */

/* Begin PBXShellScriptBuildPhase section */
		885CF5F29F62567CBDC1C8F2 /* [CP] Check Pods Manifest.lock */ = {
			isa = PBXShellScriptBuildPhase;
			buildActionMask = 2147483647;
			files = (
			);
			inputFileListPaths = (
			);
			inputPaths = (
				"${PODS_PODFILE_DIR_PATH}/Podfile.lock",
				"${PODS_ROOT}/Manifest.lock",
			);
			name = "[CP] Check Pods Manifest.lock";
			outputFileListPaths = (
			);
			outputPaths = (
				"$(DERIVED_FILE_DIR)/Pods-SkyEngWords-checkManifestLockResult.txt",
			);
			runOnlyForDeploymentPostprocessing = 0;
			shellPath = /bin/sh;
			shellScript = "diff \"${PODS_PODFILE_DIR_PATH}/Podfile.lock\" \"${PODS_ROOT}/Manifest.lock\" > /dev/null\nif [ $? != 0 ] ; then\n    # print error to STDERR\n    echo \"error: The sandbox is not in sync with the Podfile.lock. Run 'pod install' or update your CocoaPods installation.\" >&2\n    exit 1\nfi\n# This output is used by Xcode 'outputs' to avoid re-running this script phase.\necho \"SUCCESS\" > \"${SCRIPT_OUTPUT_FILE_0}\"\n";
			showEnvVarsInLog = 0;
		};
		A883991E241018C500C59B30 /* Swift Lint */ = {
			isa = PBXShellScriptBuildPhase;
			buildActionMask = 2147483647;
			files = (
			);
			inputFileListPaths = (
			);
			inputPaths = (
			);
			name = "Swift Lint";
			outputFileListPaths = (
			);
			outputPaths = (
			);
			runOnlyForDeploymentPostprocessing = 0;
			shellPath = /bin/sh;
			shellScript = "${SRCROOT}/Pods/SwiftLint/swiftlint --config \"${SRCROOT}/.swiftlint.yml\"";
		};
		A883991F241018C500C59B30 /* Swift Gen */ = {
			isa = PBXShellScriptBuildPhase;
			buildActionMask = 2147483647;
			files = (
			);
			inputFileListPaths = (
			);
			inputPaths = (
			);
			name = "Swift Gen";
			outputFileListPaths = (
			);
			outputPaths = (
			);
			runOnlyForDeploymentPostprocessing = 0;
			shellPath = /bin/sh;
			shellScript = "${SRCROOT}/Pods/SwiftGen/bin/swiftgen";
		};
		D763649BC749BADE3A148619 /* [CP] Embed Pods Frameworks */ = {
			isa = PBXShellScriptBuildPhase;
			buildActionMask = 2147483647;
			files = (
			);
			inputFileListPaths = (
				"${PODS_ROOT}/Target Support Files/Pods-SkyEngWords/Pods-SkyEngWords-frameworks-${CONFIGURATION}-input-files.xcfilelist",
			);
			name = "[CP] Embed Pods Frameworks";
			outputFileListPaths = (
				"${PODS_ROOT}/Target Support Files/Pods-SkyEngWords/Pods-SkyEngWords-frameworks-${CONFIGURATION}-output-files.xcfilelist",
			);
			runOnlyForDeploymentPostprocessing = 0;
			shellPath = /bin/sh;
			shellScript = "\"${PODS_ROOT}/Target Support Files/Pods-SkyEngWords/Pods-SkyEngWords-frameworks.sh\"\n";
			showEnvVarsInLog = 0;
		};
/* End PBXShellScriptBuildPhase section */

/* Begin PBXSourcesBuildPhase section */
		A883991B241018C500C59B30 /* Sources */ = {
			isa = PBXSourcesBuildPhase;
			buildActionMask = 2147483647;
			files = (
				A822398C24104C2800745E73 /* API.swift in Sources */,
				A82239912410504400745E73 /* Environment.swift in Sources */,
				C9B2F3E02410F47900C23BA6 /* IFetchService.swift in Sources */,
				A8839957241018C500C59B30 /* Assets.swift in Sources */,
				A883995E241018C500C59B30 /* Colors.swift in Sources */,
				A8839959241018C500C59B30 /* Fonts.swift in Sources */,
				A8839969241018C500C59B30 /* ModuleTrasitionable.swift in Sources */,
				A872595C241188DB00F6709D /* MeaningTableViewCell.swift in Sources */,
				C9B2F3DC2410F2CD00C23BA6 /* FetchService.swift in Sources */,
				C9B2F3D52410E4D300C23BA6 /* SearchMeaningsViewController.swift in Sources */,
				A8F0B9B3241024620038B1E9 /* AppConfigurator.swift in Sources */,
				C9B2F3DA2410F1F900C23BA6 /* WordsService.swift in Sources */,
				A883995B241018C500C59B30 /* Strings.swift in Sources */,
				A872596524118A2B00F6709D /* DetailWordViewController.swift in Sources */,
				A8839952241018C500C59B30 /* AppDelegate.swift in Sources */,
				C9B2F3E22410F4AF00C23BA6 /* IWordsService.swift in Sources */,
				C90DF63A24114524008A8DCB /* WordsViewAdapterOutput.swift in Sources */,
				A8F0B9B7241027FA0038B1E9 /* AppRouterInput.swift in Sources */,
				A8F0B9B5241025D80038B1E9 /* AppRouter.swift in Sources */,
				C9B2F3D82410EC6900C23BA6 /* LoadingState.swift in Sources */,
				C9B2F3DE2410F30000C23BA6 /* ServiceError.swift in Sources */,
				A8F0B9B924104A070038B1E9 /* Word.swift in Sources */,
				8C67BCF103CF4090EDBDB2F9 /* SearchMeaningsModuleConfigurator.swift in Sources */,
				C9B2F3E62411020900C23BA6 /* WordsDataSource.swift in Sources */,
				A8F0B9BD24104A7C0038B1E9 /* Translation.swift in Sources */,
				86E8132CED9079F00E878BBC /* SearchMeaningsRouter.swift in Sources */,
				F00B02B3734BDA79A4423D27 /* SearchMeaningsRouterInput.swift in Sources */,
				A87259622411894800F6709D /* MeaningsDataSource.swift in Sources */,
				FF5618200693AC04B6513EC3 /* SearchMeaningsPresenter.swift in Sources */,
				C9B2F3ED24111EB300C23BA6 /* UITableViewCell+nib.swift in Sources */,
				145FB02795B7A272E5CD1A81 /* SearchMeaningsModuleInput.swift in Sources */,
				C90DF63D2411554D008A8DCB /* LoadingCell.swift in Sources */,
				C9B2F3EA24111E9100C23BA6 /* WordTableViewCell.swift in Sources */,
				A8F0B9BB24104A470038B1E9 /* Meaning.swift in Sources */,
				1C85C740E2BF3F5B8403A923 /* SearchMeaningsModuleOutput.swift in Sources */,
				A87259602411891800F6709D /* MeaningsViewAdapterOutput.swift in Sources */,
				CC7BA354AFC6F1DDCB59431B /* SearchMeaningsViewInput.swift in Sources */,
				C5EB8E4C078EC7750292C332 /* SearchMeaningsViewOutput.swift in Sources */,
				ADA83DF292E2E964B90313F5 /* DetailWordModuleConfigurator.swift in Sources */,
				A87259702411959000F6709D /* UIImageView+ByUrl.swift in Sources */,
				9DE01FD1A17FA74B0C585CFB /* DetailWordRouter.swift in Sources */,
				F017F06F5BD1FB60C718A776 /* DetailWordRouterInput.swift in Sources */,
				B664774C2CE1C353BA8826CE /* DetailWordPresenter.swift in Sources */,
				34D404011410B979C57DAD9D /* DetailWordModuleInput.swift in Sources */,
				DDD564EEDF3512281747FD0E /* DetailWordModuleOutput.swift in Sources */,
				6C0715FA0F926E6C71442AF2 /* DetailWordViewInput.swift in Sources */,
				7585DD9FA82B2864BF8F2DD7 /* DetailWordViewOutput.swift in Sources */,
			);
			runOnlyForDeploymentPostprocessing = 0;
		};
		A883996B241018C500C59B30 /* Sources */ = {
			isa = PBXSourcesBuildPhase;
			buildActionMask = 2147483647;
			files = (
				A8839979241018C500C59B30 /* XCTestCase.swift in Sources */,
				A8839974241018C500C59B30 /* SkyEngWordsTests.swift in Sources */,
				7C477CE43E83BD1A7DFF5CF2 /* SearchMeaningsModuleConfiguratorTests.swift in Sources */,
				3F01E0D201CC3A60E7B1E685 /* SearchMeaningsRouterTests.swift in Sources */,
				A2ECED989EF4D83F968A8E26 /* SearchMeaningsPresenterTests.swift in Sources */,
				775D283E71A9441B28E6D1E7 /* SearchMeaningsViewTests.swift in Sources */,
				93626F1AD6BC4F111620CA27 /* DetailWordModuleConfiguratorTests.swift in Sources */,
				E082BEB6EFAE9636587E910B /* DetailWordRouterTests.swift in Sources */,
				95BAA20119C108E1FEB7B079 /* DetailWordPresenterTests.swift in Sources */,
				CADEE271442973DAD8EE84C6 /* DetailWordViewTests.swift in Sources */,
			);
			runOnlyForDeploymentPostprocessing = 0;
		};
		A883997B241018C500C59B30 /* Sources */ = {
			isa = PBXSourcesBuildPhase;
			buildActionMask = 2147483647;
			files = (
				A8839984241018C600C59B30 /* SkyEngWordsUITests.swift in Sources */,
			);
			runOnlyForDeploymentPostprocessing = 0;
		};
/* End PBXSourcesBuildPhase section */

/* Begin PBXTargetDependency section */
		A8839971241018C500C59B30 /* PBXTargetDependency */ = {
			isa = PBXTargetDependency;
			target = A8839920241018C500C59B30 /* SkyEngWords */;
			targetProxy = A8839970241018C500C59B30 /* PBXContainerItemProxy */;
		};
		A8839981241018C600C59B30 /* PBXTargetDependency */ = {
			isa = PBXTargetDependency;
			target = A8839920241018C500C59B30 /* SkyEngWords */;
			targetProxy = A8839980241018C600C59B30 /* PBXContainerItemProxy */;
		};
/* End PBXTargetDependency section */

/* Begin XCBuildConfiguration section */
		A8839986241018C600C59B30 /* Debug */ = {
			isa = XCBuildConfiguration;
			buildSettings = {
				ALWAYS_SEARCH_USER_PATHS = NO;
				CLANG_ANALYZER_NONNULL = YES;
				CLANG_ANALYZER_NUMBER_OBJECT_CONVERSION = YES_AGGRESSIVE;
				CLANG_CXX_LANGUAGE_STANDARD = "gnu++14";
				CLANG_CXX_LIBRARY = "libc++";
				CLANG_ENABLE_MODULES = YES;
				CLANG_ENABLE_OBJC_ARC = YES;
				CLANG_ENABLE_OBJC_WEAK = YES;
				CLANG_WARN_BLOCK_CAPTURE_AUTORELEASING = YES;
				CLANG_WARN_BOOL_CONVERSION = YES;
				CLANG_WARN_COMMA = YES;
				CLANG_WARN_CONSTANT_CONVERSION = YES;
				CLANG_WARN_DEPRECATED_OBJC_IMPLEMENTATIONS = YES;
				CLANG_WARN_DIRECT_OBJC_ISA_USAGE = YES_ERROR;
				CLANG_WARN_DOCUMENTATION_COMMENTS = YES;
				CLANG_WARN_EMPTY_BODY = YES;
				CLANG_WARN_ENUM_CONVERSION = YES;
				CLANG_WARN_INFINITE_RECURSION = YES;
				CLANG_WARN_INT_CONVERSION = YES;
				CLANG_WARN_NON_LITERAL_NULL_CONVERSION = YES;
				CLANG_WARN_OBJC_IMPLICIT_RETAIN_SELF = YES;
				CLANG_WARN_OBJC_LITERAL_CONVERSION = YES;
				CLANG_WARN_OBJC_ROOT_CLASS = YES_ERROR;
				CLANG_WARN_RANGE_LOOP_ANALYSIS = YES;
				CLANG_WARN_STRICT_PROTOTYPES = YES;
				CLANG_WARN_SUSPICIOUS_MOVE = YES;
				CLANG_WARN_UNGUARDED_AVAILABILITY = YES_AGGRESSIVE;
				CLANG_WARN_UNREACHABLE_CODE = YES;
				CLANG_WARN__DUPLICATE_METHOD_MATCH = YES;
				COPY_PHASE_STRIP = NO;
				DEBUG_INFORMATION_FORMAT = dwarf;
				ENABLE_STRICT_OBJC_MSGSEND = YES;
				ENABLE_TESTABILITY = YES;
				GCC_C_LANGUAGE_STANDARD = gnu11;
				GCC_DYNAMIC_NO_PIC = NO;
				GCC_NO_COMMON_BLOCKS = YES;
				GCC_OPTIMIZATION_LEVEL = 0;
				GCC_PREPROCESSOR_DEFINITIONS = (
					"DEBUG=1",
					"$(inherited)",
				);
				GCC_WARN_64_TO_32_BIT_CONVERSION = YES;
				GCC_WARN_ABOUT_RETURN_TYPE = YES_ERROR;
				GCC_WARN_UNDECLARED_SELECTOR = YES;
				GCC_WARN_UNINITIALIZED_AUTOS = YES_AGGRESSIVE;
				GCC_WARN_UNUSED_FUNCTION = YES;
				GCC_WARN_UNUSED_VARIABLE = YES;
				IPHONEOS_DEPLOYMENT_TARGET = 11.0;
				MTL_ENABLE_DEBUG_INFO = INCLUDE_SOURCE;
				MTL_FAST_MATH = YES;
				ONLY_ACTIVE_ARCH = YES;
				SDKROOT = iphoneos;
				SWIFT_ACTIVE_COMPILATION_CONDITIONS = DEBUG;
				SWIFT_OPTIMIZATION_LEVEL = "-Onone";
			};
			name = Debug;
		};
		A8839987241018C600C59B30 /* Release */ = {
			isa = XCBuildConfiguration;
			buildSettings = {
				ALWAYS_SEARCH_USER_PATHS = NO;
				CLANG_ANALYZER_NONNULL = YES;
				CLANG_ANALYZER_NUMBER_OBJECT_CONVERSION = YES_AGGRESSIVE;
				CLANG_CXX_LANGUAGE_STANDARD = "gnu++14";
				CLANG_CXX_LIBRARY = "libc++";
				CLANG_ENABLE_MODULES = YES;
				CLANG_ENABLE_OBJC_ARC = YES;
				CLANG_ENABLE_OBJC_WEAK = YES;
				CLANG_WARN_BLOCK_CAPTURE_AUTORELEASING = YES;
				CLANG_WARN_BOOL_CONVERSION = YES;
				CLANG_WARN_COMMA = YES;
				CLANG_WARN_CONSTANT_CONVERSION = YES;
				CLANG_WARN_DEPRECATED_OBJC_IMPLEMENTATIONS = YES;
				CLANG_WARN_DIRECT_OBJC_ISA_USAGE = YES_ERROR;
				CLANG_WARN_DOCUMENTATION_COMMENTS = YES;
				CLANG_WARN_EMPTY_BODY = YES;
				CLANG_WARN_ENUM_CONVERSION = YES;
				CLANG_WARN_INFINITE_RECURSION = YES;
				CLANG_WARN_INT_CONVERSION = YES;
				CLANG_WARN_NON_LITERAL_NULL_CONVERSION = YES;
				CLANG_WARN_OBJC_IMPLICIT_RETAIN_SELF = YES;
				CLANG_WARN_OBJC_LITERAL_CONVERSION = YES;
				CLANG_WARN_OBJC_ROOT_CLASS = YES_ERROR;
				CLANG_WARN_RANGE_LOOP_ANALYSIS = YES;
				CLANG_WARN_STRICT_PROTOTYPES = YES;
				CLANG_WARN_SUSPICIOUS_MOVE = YES;
				CLANG_WARN_UNGUARDED_AVAILABILITY = YES_AGGRESSIVE;
				CLANG_WARN_UNREACHABLE_CODE = YES;
				CLANG_WARN__DUPLICATE_METHOD_MATCH = YES;
				COPY_PHASE_STRIP = NO;
				DEBUG_INFORMATION_FORMAT = "dwarf-with-dsym";
				ENABLE_NS_ASSERTIONS = NO;
				ENABLE_STRICT_OBJC_MSGSEND = YES;
				GCC_C_LANGUAGE_STANDARD = gnu11;
				GCC_NO_COMMON_BLOCKS = YES;
				GCC_WARN_64_TO_32_BIT_CONVERSION = YES;
				GCC_WARN_ABOUT_RETURN_TYPE = YES_ERROR;
				GCC_WARN_UNDECLARED_SELECTOR = YES;
				GCC_WARN_UNINITIALIZED_AUTOS = YES_AGGRESSIVE;
				GCC_WARN_UNUSED_FUNCTION = YES;
				GCC_WARN_UNUSED_VARIABLE = YES;
				IPHONEOS_DEPLOYMENT_TARGET = 11.0;
				MTL_ENABLE_DEBUG_INFO = NO;
				MTL_FAST_MATH = YES;
				SDKROOT = iphoneos;
				SWIFT_COMPILATION_MODE = wholemodule;
				SWIFT_OPTIMIZATION_LEVEL = "-O";
				VALIDATE_PRODUCT = YES;
			};
			name = Release;
		};
		A8839989241018C600C59B30 /* Debug */ = {
			isa = XCBuildConfiguration;
			baseConfigurationReference = A82239922410509600745E73 /* Development.xcconfig */;
			buildSettings = {
				ASSETCATALOG_COMPILER_APPICON_NAME = AppIcon;
				CODE_SIGN_STYLE = Automatic;
				DEVELOPMENT_TEAM = 883M88478B;
				INFOPLIST_FILE = SkyEngWords/Info.plist;
				IPHONEOS_DEPLOYMENT_TARGET = 11.0;
				LD_RUNPATH_SEARCH_PATHS = (
					"$(inherited)",
					"@executable_path/Frameworks",
				);
				PRODUCT_BUNDLE_IDENTIFIER = krista.iMonitoring;
				PRODUCT_NAME = "$(TARGET_NAME)";
				SWIFT_VERSION = 5.0;
				TARGETED_DEVICE_FAMILY = "1,2";
			};
			name = Debug;
		};
		A883998A241018C600C59B30 /* Release */ = {
			isa = XCBuildConfiguration;
			baseConfigurationReference = A82239932410512400745E73 /* Release.xcconfig */;
			buildSettings = {
				ASSETCATALOG_COMPILER_APPICON_NAME = AppIcon;
				CODE_SIGN_STYLE = Automatic;
				DEVELOPMENT_TEAM = 883M88478B;
				INFOPLIST_FILE = SkyEngWords/Info.plist;
				IPHONEOS_DEPLOYMENT_TARGET = 11.0;
				LD_RUNPATH_SEARCH_PATHS = (
					"$(inherited)",
					"@executable_path/Frameworks",
				);
				PRODUCT_BUNDLE_IDENTIFIER = krista.iMonitoring;
				PRODUCT_NAME = "$(TARGET_NAME)";
				SWIFT_VERSION = 5.0;
				TARGETED_DEVICE_FAMILY = "1,2";
			};
			name = Release;
		};
		A883998C241018C600C59B30 /* Debug */ = {
			isa = XCBuildConfiguration;
			buildSettings = {
				ALWAYS_EMBED_SWIFT_STANDARD_LIBRARIES = YES;
				BUNDLE_LOADER = "$(TEST_HOST)";
				CODE_SIGN_STYLE = Automatic;
				DEVELOPMENT_TEAM = 883M88478B;
				INFOPLIST_FILE = SkyEngWordsTests/Info.plist;
				LD_RUNPATH_SEARCH_PATHS = (
					"$(inherited)",
					"@executable_path/Frameworks",
					"@loader_path/Frameworks",
				);
				PRODUCT_BUNDLE_IDENTIFIER = com.skyeng.words.SkyEngWordsTests;
				PRODUCT_NAME = "$(TARGET_NAME)";
				SWIFT_VERSION = 5.0;
				TARGETED_DEVICE_FAMILY = "1,2";
				TEST_HOST = "$(BUILT_PRODUCTS_DIR)/SkyEngWords.app/SkyEngWords";
			};
			name = Debug;
		};
		A883998D241018C600C59B30 /* Release */ = {
			isa = XCBuildConfiguration;
			buildSettings = {
				ALWAYS_EMBED_SWIFT_STANDARD_LIBRARIES = YES;
				BUNDLE_LOADER = "$(TEST_HOST)";
				CODE_SIGN_STYLE = Automatic;
				DEVELOPMENT_TEAM = 883M88478B;
				INFOPLIST_FILE = SkyEngWordsTests/Info.plist;
				LD_RUNPATH_SEARCH_PATHS = (
					"$(inherited)",
					"@executable_path/Frameworks",
					"@loader_path/Frameworks",
				);
				PRODUCT_BUNDLE_IDENTIFIER = com.skyeng.words.SkyEngWordsTests;
				PRODUCT_NAME = "$(TARGET_NAME)";
				SWIFT_VERSION = 5.0;
				TARGETED_DEVICE_FAMILY = "1,2";
				TEST_HOST = "$(BUILT_PRODUCTS_DIR)/SkyEngWords.app/SkyEngWords";
			};
			name = Release;
		};
		A883998F241018C600C59B30 /* Debug */ = {
			isa = XCBuildConfiguration;
			buildSettings = {
				ALWAYS_EMBED_SWIFT_STANDARD_LIBRARIES = YES;
				CODE_SIGN_STYLE = Automatic;
				DEVELOPMENT_TEAM = 883M88478B;
				INFOPLIST_FILE = SkyEngWordsUITests/Info.plist;
				LD_RUNPATH_SEARCH_PATHS = (
					"$(inherited)",
					"@executable_path/Frameworks",
					"@loader_path/Frameworks",
				);
				PRODUCT_BUNDLE_IDENTIFIER = com.skyeng.words.SkyEngWordsUITests;
				PRODUCT_NAME = "$(TARGET_NAME)";
				SWIFT_VERSION = 5.0;
				TARGETED_DEVICE_FAMILY = "1,2";
				TEST_TARGET_NAME = SkyEngWords;
			};
			name = Debug;
		};
		A8839990241018C600C59B30 /* Release */ = {
			isa = XCBuildConfiguration;
			buildSettings = {
				ALWAYS_EMBED_SWIFT_STANDARD_LIBRARIES = YES;
				CODE_SIGN_STYLE = Automatic;
				DEVELOPMENT_TEAM = 883M88478B;
				INFOPLIST_FILE = SkyEngWordsUITests/Info.plist;
				LD_RUNPATH_SEARCH_PATHS = (
					"$(inherited)",
					"@executable_path/Frameworks",
					"@loader_path/Frameworks",
				);
				PRODUCT_BUNDLE_IDENTIFIER = com.skyeng.words.SkyEngWordsUITests;
				PRODUCT_NAME = "$(TARGET_NAME)";
				SWIFT_VERSION = 5.0;
				TARGETED_DEVICE_FAMILY = "1,2";
				TEST_TARGET_NAME = SkyEngWords;
			};
			name = Release;
		};
/* End XCBuildConfiguration section */

/* Begin XCConfigurationList section */
		A883991A241018C500C59B30 /* Build configuration list for PBXProject "SkyEngWords" */ = {
			isa = XCConfigurationList;
			buildConfigurations = (
				A8839986241018C600C59B30 /* Debug */,
				A8839987241018C600C59B30 /* Release */,
			);
			defaultConfigurationIsVisible = 0;
			defaultConfigurationName = Release;
		};
		A8839988241018C600C59B30 /* Build configuration list for PBXNativeTarget "SkyEngWords" */ = {
			isa = XCConfigurationList;
			buildConfigurations = (
				A8839989241018C600C59B30 /* Debug */,
				A883998A241018C600C59B30 /* Release */,
			);
			defaultConfigurationIsVisible = 0;
			defaultConfigurationName = Release;
		};
		A883998B241018C600C59B30 /* Build configuration list for PBXNativeTarget "SkyEngWordsTests" */ = {
			isa = XCConfigurationList;
			buildConfigurations = (
				A883998C241018C600C59B30 /* Debug */,
				A883998D241018C600C59B30 /* Release */,
			);
			defaultConfigurationIsVisible = 0;
			defaultConfigurationName = Release;
		};
		A883998E241018C600C59B30 /* Build configuration list for PBXNativeTarget "SkyEngWordsUITests" */ = {
			isa = XCConfigurationList;
			buildConfigurations = (
				A883998F241018C600C59B30 /* Debug */,
				A8839990241018C600C59B30 /* Release */,
			);
			defaultConfigurationIsVisible = 0;
			defaultConfigurationName = Release;
		};
/* End XCConfigurationList section */
	};
	rootObject = A8839917241018C500C59B30 /* Project object */;
}
